
Microsoft Visual Studio Solution File, Format Version 12.00
# Visual Studio Version 17
VisualStudioVersion = 17.1.32421.90
MinimumVisualStudioVersion = 10.0.40219.1
Project("{FAE04EC0-301F-11D3-BF4B-00C04F79EFBC}") = "Apoteka", "Apoteka\Apoteka.csproj", "{157A39F6-4881-4138-9E14-DECDB2FC3342}"
EndProject
Global
	GlobalSection(SolutionConfigurationPlatforms) = preSolution
		Debug|Any CPU = Debug|Any CPU
		Release|Any CPU = Release|Any CPU
	EndGlobalSection
	GlobalSection(ProjectConfigurationPlatforms) = postSolution
		{157A39F6-4881-4138-9E14-DECDB2FC3342}.Debug|Any CPU.ActiveCfg = Debug|Any CPU
		{157A39F6-4881-4138-9E14-DECDB2FC3342}.Debug|Any CPU.Build.0 = Debug|Any CPU
		{157A39F6-4881-4138-9E14-DECDB2FC3342}.Release|Any CPU.ActiveCfg = Release|Any CPU
		{157A39F6-4881-4138-9E14-DECDB2FC3342}.Release|Any CPU.Build.0 = Release|Any CPU
	EndGlobalSection
	GlobalSection(SolutionProperties) = preSolution
		HideSolutionNode = FALSE
	EndGlobalSection
	GlobalSection(ExtensibilityGlobals) = postSolution
		SolutionGuid = {ED51982D-2A7B-4494-A983-4741FB916864}
	EndGlobalSection
EndGlobal
